github.com/TwiN/go-away v1.6.12 h1:80AjDyeTjfQaSFYbALzRcDKMAmxKW0a5PoxwXKZlW2A=
github.com/TwiN/go-away v1.6.12/go.mod h1:MpvIC9Li3minq+CGgbgUDvQ9tDaeW35k5IXZrF9MVas=
golang.org/x/text v0.14.0 h1:ScX5w1eTa3QqT8oi6+ziP7dTV1S2+ALU0bI+0zXKWiQ=
golang.org/x/text v0.14.0/go.mod h1:18ZOQIKpY8NJVqYksKHtTdi31H5itFRjB5/qKTNYzSU=
